# This file may be used to create an environment using:
# $ conda create --name <env> --file <this file>
# platform: win-64
# created-by: conda 26.7.1
@EXPLICIT
https://conda.anaconda.org/conda-forge/noarch/ca-certificates-2026.7.22-h4c7d964_0.conda#95e8e74062a5fe5f870ac8c90302b6e89945165fdaed7810606e84ddee6aac12
https://conda.anaconda.org/conda-forge/noarch/python_abi-3.11-9_cp311.conda#bcfbad269758f4617035314fe379ee655bc2d9db5282e7a00d61450b7cefa3cf
https://conda.anaconda.org/conda-forge/noarch/tzdata-2026c-h151e31d_0.conda#b928c30ddcb0e3f544c6eade8352737e6e610e263276b90232db6a578ef899d8
https://conda.anaconda.org/conda-forge/win-64/ucrt-10.0.26100.0-h57928b3_0.conda#3005729dce6f3d3f5ec91dfc49fc75a0095f9cd23bab49efb899657297ac91a5
https://conda.anaconda.org/conda-forge/win-64/libwinpthread-12.0.0.r4.gg4f2fc60ca-h57928b3_10.conda#0fccf2d17026255b6e10ace1f191d0a2a18f2d65088fd02430be17c701f8ffe0
https://conda.anaconda.org/conda-forge/win-64/vcomp14-14.51.36247-habf1de7_41.conda#731e043390c9457299484d39e427221fc868a9249540a498a5a4f6456c7744d1
https://conda.anaconda.org/conda-forge/win-64/vc14_runtime-14.51.36247-habf1de7_41.conda#4e4cb599cdc41bf2109d1464c127b5bcbddf548ce3e322e612afb691338b48f8
https://conda.anaconda.org/conda-forge/win-64/vc-14.5-ha367084_41.conda#35444c55a92e2f7f7ba26bc70f81e56e52344f7d064c0fd4b40a46a58517b79c
https://conda.anaconda.org/conda-forge/win-64/vs2015_runtime-14.51.36247-h633cb9f_41.conda#ee0ae67c96b80b9fdb50c3f617c6329dbcdf1562d0267604f6c0e24f494431d6
https://conda.anaconda.org/conda-forge/win-64/aws-c-common-0.12.2-h2466b09_0.conda#a4cc144779acb15ee31ef257789d43d09bf68018bbc508705722f20c95165369
https://conda.anaconda.org/conda-forge/win-64/bzip2-1.0.8-h0ad9c76_10.conda#04767466ee9227c9c57ab2c6503e0149177d34111c7418d2f420297acb1eb229
https://conda.anaconda.org/conda-forge/win-64/c-ares-1.34.8-h6a83c73_2.conda#b474e4b7f3136576c321533e340b34368a5ce671949bc1a77ef446eb94870136
https://conda.anaconda.org/conda-forge/win-64/icu-78.3-h5112557_2.conda#75c549b55b673e15de8785a8e5dd85bca7eb612eee0ff4dc8d7bdaa15eacbdbb
https://conda.anaconda.org/conda-forge/win-64/lerc-4.2.0-hd936e49_0.conda#93d666f63f284ef77b87b0b1f77b70f7d36d315a132f9afa64bc0012d937ba39
https://conda.anaconda.org/conda-forge/win-64/libabseil-20250127.1-cxx17_h4eb7d71_0.conda#61ece8d3768604eae2c7c869a5c032a61fbfb8eb86cc85dc39cc2de48d3827b4
https://conda.anaconda.org/conda-forge/win-64/libbrotlicommon-1.1.0-hfd05255_4.conda#65d0aaf1176761291987f37c8481be132060cc3dbe44b1550797bc27d1a0c920
https://conda.anaconda.org/conda-forge/win-64/libcrc32c-1.1.2-h0e60522_0.tar.bz2#75e60fbe436ba8a11c170c89af5213e8bec0418f88b7771ab7e3d9710b70c54e
https://conda.anaconda.org/conda-forge/win-64/libdeflate-1.25-h1a1d4e4_1.conda#af1cda21d4653f594fbef20aa4e1ff158a546902b3307ef8af9a9b44b43862d2
https://conda.anaconda.org/conda-forge/win-64/libexpat-2.8.4-hac47afa_0.conda#f7360315e293c587176bc2201fb4fa05926cb4dcf643772bbbdb90df5f7f64e5
https://conda.anaconda.org/conda-forge/win-64/libffi-3.7.0-h3d046cb_1.conda#613e8077c5cca5df7fe84ade7d5050301bee3c6c4c450ffe61d34a349ab4f11c
https://conda.anaconda.org/conda-forge/win-64/libiconv-1.18-hc1393d2_3.conda#35e04e3ddac7720fc7c550a1c9f998604299d6a7bd1f3ec9b2825d825061daa2
https://conda.anaconda.org/conda-forge/win-64/libjpeg-turbo-3.2.0-hfd05255_1.conda#df78ab4c0eecb3dd9331898f96baeed8e5ca1c363346332517abeb0b614b9a53
https://conda.anaconda.org/conda-forge/win-64/liblzma-5.8.3-hfd05255_1.conda#d36c4a1e1f80fd08e18a407e03622ff2f34dfdd022da6488ad19603dea19e6d5
https://conda.anaconda.org/conda-forge/win-64/libpython-3.11.16-hcc31f7b_2_cpython.conda#04f062b03acf1ddc4beec719f96e55f1d2e7fb95f5ec9b165a2842fd8f477b59
https://conda.anaconda.org/conda-forge/win-64/libsqlite-3.53.4-hf5d6505_1.conda#0a45d7c0f20146fff787a106f8fa187872e309c70975ff8f0936e188914c26ad
https://conda.anaconda.org/conda-forge/win-64/libutf8proc-2.10.0-hff4702e_0.conda#c3588c52e50666d631e21fffdc057594dbb78464bb87b5832fee3f713a1e4c52
https://conda.anaconda.org/conda-forge/win-64/libwebp-base-1.6.0-h4d5522a_1.conda#4470d98d3178b0d45492eed4808afe421d2e7808352b8d06c2dc29166b75d94d
https://conda.anaconda.org/conda-forge/win-64/libzlib-1.3.2-hfd05255_3.conda#0629c2cc0404d3bb29d6baa7b4ba62da80797015e86de050db81ea5a07050527
https://conda.anaconda.org/conda-forge/win-64/llvm-openmp-23.1.2-h49e36cd_0.conda#8b462c021d6bf3f956749d305bd3f52deb82ae2901047c0c7061a21c3550e48f
https://conda.anaconda.org/conda-forge/win-64/lz4-c-1.10.0-h6a83c73_2.conda#6824e36be0f95ae516dc36dddd18f69cbad0e4e07906fcb10a5f26a8dc471903
https://conda.anaconda.org/conda-forge/win-64/openssl-3.6.4-hf411b9b_0.conda#9dddb559ba49744d5d94092d8d13cb0567f5c3b3f439f3acf28433d1f4256acc
https://conda.anaconda.org/conda-forge/win-64/snappy-1.2.2-h7fa0ca8_2.conda#cb9cb97d7d45eeb12b47eee7649ae6be41e080a5394a42e1467663df734f9971
https://conda.anaconda.org/conda-forge/win-64/tk-8.6.13-h967ab96_4.conda#f19618a3a82cc483dacf1c70a30367ee7b0c7e71b90f1f80e14feff44fbd3688
https://conda.anaconda.org/conda-forge/win-64/yaml-0.2.5-h6a83c73_3.conda#80ee68c1e7683a35295232ea79bcc87279d31ffeda04a1665efdb43cbd50a309
https://conda.anaconda.org/conda-forge/win-64/zlib-ng-2.3.3-h0261ad2_1.conda#71332532332d13b5dbe57074ddcf82ae711bdc132affa5a2982a29ffa06dc234
https://conda.anaconda.org/conda-forge/win-64/aws-c-cal-0.9.0-hd30f992_0.conda#4e336ab2e5e642de14eafff863ffb177a448823b1c8281534a6402d247a2a273
https://conda.anaconda.org/conda-forge/win-64/aws-c-compression-0.3.1-hd30f992_4.conda#54d4f6565f72cba70fa4ee3c49c58e5c09ea5002f1210e24a6632fc6bebf5253
https://conda.anaconda.org/conda-forge/win-64/aws-c-sdkutils-0.2.3-hd30f992_4.conda#83a3dd9153bef973f0dd210668184c5e5ea614f866c3e5653d724d891379a0c8
https://conda.anaconda.org/conda-forge/win-64/aws-checksums-0.2.7-hd30f992_0.conda#4b652947fc7e60d88cf6f32e9f4b75cb42012c20b608df388048e480eb0553f6
https://conda.anaconda.org/conda-forge/win-64/krb5-1.22.2-h719d79b_2.conda#63ff03324e903eb01a715ccf357df56d66224e61952fd6615d86490ebefb3285
https://conda.anaconda.org/conda-forge/win-64/libbrotlidec-1.1.0-hfd05255_4.conda#aa03aff197ed503e38145d0d0f17c30382ac1c6d697535db24c98c272ef57194
https://conda.anaconda.org/conda-forge/win-64/libbrotlienc-1.1.0-hfd05255_4.conda#a593cde3e728a1e0486a19537846380e3ce90ae9d6c22c1412466a49474eeeed
https://conda.anaconda.org/conda-forge/win-64/libevent-2.1.12-hc903f1e_2.conda#71fde040ce42b6e5b18aa8a8cfcae219cfaf49665bbbb940e6b98bc0c6b879c3
https://conda.anaconda.org/conda-forge/win-64/libpng-1.6.58-hdc8cecf_1.conda#8c49c32adf3ba2c59783630b82377f54ab72204ea99e2bafc90a47a8e25c1032
https://conda.anaconda.org/conda-forge/win-64/libprotobuf-5.29.3-hd33f5f0_3.conda#4279fd791b3dc7701af5ef931621f6b381c72f4b49ef3f3e17f7e1526d9688ba
https://conda.anaconda.org/conda-forge/win-64/libpsl-0.23.1-h9b16d47_1.conda#e53fe3b09f82b59b644264133d6d148ac31bb5451b7583cff55690bf038f2f62
https://conda.anaconda.org/conda-forge/win-64/libre2-11-2025.06.26-habfad5f_0.conda#ab65399d05be6d0e0733068b47d7d57e91e360ec46c7ced9e21d7f80ac8e05c3
https://conda.anaconda.org/conda-forge/win-64/libssh2-1.11.1-h734d217_1.conda#1097b08429b4f53f5751a32c6d99a083d227ca7f7812c0b239eea124cec073a0
https://conda.anaconda.org/conda-forge/win-64/libxml2-16-2.15.4-h3cfd58e_0.conda#9fa71cec30425c9cc8eda6af3574af1faf4fefa5e239c9e037b1f778ef3ce8ac
https://conda.anaconda.org/conda-forge/win-64/python-3.11.16-hb12b558_2_cpython.conda#f8c7ba41d2bafe4b9f0be3f8f13a399dae76f5b83e679f63d86a26e8527f7c7a
https://conda.anaconda.org/conda-forge/win-64/zstd-1.5.7-h534d264_7.conda#ca7daae4f218a11fab82cc2857f0ea518ec3f46acec60490485347a4c22c6b3e
https://conda.anaconda.org/conda-forge/win-64/aws-c-io-0.18.1-hfd8e7f4_2.conda#741a4d74f58cbca553ebbf5b319f3f9685f1f6e5a172dc1c92db3697ae785325
https://conda.anaconda.org/conda-forge/win-64/brotli-bin-1.1.0-hfd05255_4.conda#e92c783502d95743b49b650c9276e9c56c7264da55429a5e45655150a6d1b0cf
https://conda.anaconda.org/conda-forge/noarch/cloudpickle-3.1.2-pyhcf101f3_1.conda#4c287c2721d8a34c94928be8fe0e9a85754e90189dd4384a31b1806856b50a67
https://conda.anaconda.org/conda-forge/noarch/colorama-0.4.6-pyhd8ed1ab_1.conda#ab29d57dc70786c1269633ba3dff20288b81664d3ff8d21af995742e2bb03287
https://conda.anaconda.org/conda-forge/noarch/cycler-0.12.1-pyhcf101f3_2.conda#bb47aec5338695ff8efbddbc669064a3b10fe34ad881fb8ad5d64fbfa6910ed1
https://conda.anaconda.org/conda-forge/noarch/iniconfig-2.3.0-pyhd8ed1ab_0.conda#e1a9e3b1c8fe62dc3932a616c284b5d8cbe3124bbfbedcf4ce5c828cb166ee19
https://conda.anaconda.org/conda-forge/win-64/kiwisolver-1.5.1-py311h275cad7_3.conda#67bfc371736986a9e07429940fa325115ea743e0d7e11b44a887b1fcc754dd88
https://conda.anaconda.org/conda-forge/win-64/libcurl-8.22.0-hdb0ef4a_0.conda#5fe063cffa90ad3ef04e25c76b1a79cdbc4f6c43747164a7dcdd89c4faebb84e
https://conda.anaconda.org/conda-forge/win-64/libfreetype6-2.14.3-hdbac1cb_2.conda#cbc650854003e434d4ff6c7b1a2667e38a4242ad8a391a1c5ff89721624065ce
https://conda.anaconda.org/conda-forge/win-64/libthrift-0.21.0-hbe90ef8_0.conda#81ca4873ba09055c307f8777fb7d967b5c26291f38095785ae52caed75946488
https://conda.anaconda.org/conda-forge/win-64/libtiff-4.7.2-h8f73337_1.conda#3575a092e3e52625a1767804a4ebd321becaadf61b63dcd6735ebb88c0b3c359
https://conda.anaconda.org/conda-forge/win-64/libxml2-2.15.4-he095d88_0.conda#a19bb3821830f6b1281e782844d5dd265f796dfed2e4812b16c9995a8c778c88
https://conda.anaconda.org/conda-forge/noarch/munkres-1.1.4-pyhd8ed1ab_1.conda#d09c47c2cf456de5c09fa66d2c3c5035aa1fa228a1983a433c47b876aa16ce90
https://conda.anaconda.org/conda-forge/win-64/orc-2.1.1-h35764e3_1.conda#593a24c917cb1e2804045d8900d079cd9c24d33da572250db3abcc389b72ce25
https://conda.anaconda.org/conda-forge/noarch/packaging-26.3-pyhc364b38_0.conda#c432626b16768b8dab228bfb706f7060c2d462a21c516d240f68f2f902b5a044
https://conda.anaconda.org/conda-forge/noarch/pluggy-1.6.0-pyhf9edf01_1.conda#e14aafa63efa0528ca99ba568eaf506eb55a0371d12e6250aaaa61718d2eb62e
https://conda.anaconda.org/conda-forge/noarch/pyparsing-3.3.3-pyh5ded981_0.conda#dc10d64d4b9a1310083b2f563416ab45560ee2a04fd6baab40f223f2b1ab37bc
https://conda.anaconda.org/conda-forge/noarch/python-tzdata-2026.4-pyh5ded981_0.conda#4a66a09c6c18e6488000b1a848ed557669d12f673feac682d58208e7e8b66434
https://conda.anaconda.org/conda-forge/noarch/pytz-2026.4-pyh5ded981_0.conda#0c711bf143729c33bcbca10333dac27cdcb67644dd54ec2a749d56f6e54cd484
https://conda.anaconda.org/conda-forge/win-64/pyyaml-6.0.1-py311ha68e1ae_1.conda#4fb0770fc70381a8ab3ced33413ad9dc5e82d4c535b593edd580113ce8760298
https://conda.anaconda.org/conda-forge/win-64/re2-2025.06.26-h3dd2b4f_0.conda#e7b9a7c39987589f7b597882d60193b9599cc4cb2fe950ae406c010fed53aaaa
https://conda.anaconda.org/conda-forge/win-64/ruff-0.4.8-py311ha637bb9_0.conda#96711e0444fabbd962748d02a7a04b9d9b7ad78acca70bf1d3e2f19ed97b15b1
https://conda.anaconda.org/conda-forge/noarch/setuptools-84.0.0-pyh332efcf_0.conda#9e200ee5f9ff19a4d94e4b51c4856d53dec849f91032f345cf0c6bc3d51a7183
https://conda.anaconda.org/conda-forge/noarch/six-1.17.0-pyhe01879c_1.conda#458227f759d5e3fcec5d9b7acce54e10c9e1f4f4b7ec978f3bfd54ce4ee9853d
https://conda.anaconda.org/conda-forge/noarch/threadpoolctl-3.7.0-pyhc455866_0.conda#a32d17fe979e59fe1295875b5d4f0431a76dfbbfcee5b01e657a8aa3c4a1b5d1
https://conda.anaconda.org/conda-forge/noarch/tomli-2.4.1-pyhcf101f3_0.conda#91cafdb64268e43e0e10d30bd1bef5af392e69f00edd34dfaf909f69ab2da6bd
https://conda.anaconda.org/conda-forge/noarch/typing_extensions-4.16.0-pyhcf101f3_0.conda#2d888f90af0686044882c74193ec80a90ec1943145d94a7b1b048958acda1848
https://conda.anaconda.org/conda-forge/win-64/unicodedata2-18.0.0-py311h3485c13_0.conda#b0ab58738ca30c5f32ba9c60a53e2773d3fc5468745de174ee7e6068d1ab8716
https://conda.anaconda.org/conda-forge/win-64/aws-c-event-stream-0.5.4-h12f1610_7.conda#857961888bbecaf19d0f6d63820d1342547a5d2c1178171d69d3a0191fc77f1e
https://conda.anaconda.org/conda-forge/win-64/aws-c-http-0.10.0-h74fe21f_0.conda#927d2b9ddfab7a94bf1413af5b36528f7385b686193a88702e311986eb9f1deb
https://conda.anaconda.org/conda-forge/win-64/brotli-1.1.0-hfd05255_4.conda#df2a43cc4a99bd184cb249e62106dfa9f55b3d06df9b5fc67072b0336852ff65
https://conda.anaconda.org/conda-forge/noarch/exceptiongroup-1.3.1-pyhd8ed1ab_0.conda#ee6cf346d017d954255bbcbdb424cddea4d14e4ed7e9813e429db1d795d01144
https://conda.anaconda.org/conda-forge/noarch/joblib-1.6.0-pyhcf101f3_0.conda#96b76ace583404ce4fbc234baa6cdb3de485887913104d4ac51994f9b6656696
https://conda.anaconda.org/conda-forge/win-64/lcms2-2.19.1-hf2c6c5f_3.conda#7c5f96b473b721a4279708b448591dc3d89ed274280ff480dea1b4f9b13e1fcd
https://conda.anaconda.org/conda-forge/win-64/libfreetype-2.14.3-h57928b3_2.conda#d794d7fddb6eea50e18a62fa27ab3819f40d51bad00b90cf4ca591fb0d4006c2
https://conda.anaconda.org/conda-forge/win-64/libgrpc-1.71.0-h8c3449c_1.conda#eb832f8eea6936400753a5344ebce3e09c36698d04becd6ef234fda9c480cccb
https://conda.anaconda.org/conda-forge/win-64/libhwloc-2.13.0-default_h049141e_1000.conda#2ee12e37223dfcd0acd050c80a91150c482b6e2899198521e1800dce66662467
https://conda.anaconda.org/conda-forge/win-64/openjpeg-2.5.4-h90fa87c_2.conda#d1c630ccd9ae0898b48d84e986f4c330f66a25e535f99efe8cbf03f042b33da5
https://conda.anaconda.org/conda-forge/noarch/python-dateutil-2.9.0.post0-pyhe01879c_2.conda#d6a17ece93bbd5139e02d2bd7dbfa80bee1a4261dced63f65f679121686bf664
https://conda.anaconda.org/conda-forge/noarch/wheel-0.48.0-pyhd8ed1ab_0.conda#ba64b29b6d418024cb565081a1799262cb2780d2534ff4c14f76aa858c4286cd
https://conda.anaconda.org/conda-forge/win-64/aws-c-auth-0.9.0-h3b843a2_4.conda#b2d3ccd4ebe9012da9f4095797276e60dad40720e619877f569864073328d00b
https://conda.anaconda.org/conda-forge/win-64/aws-c-mqtt-0.12.3-hd3945f4_4.conda#f9fcb69a3d6ffd2371c235517240ee3bbddca606db9aba31b3e010d198f56306
https://conda.anaconda.org/conda-forge/win-64/fonttools-4.66.0-py311h3f79411_0.conda#f1abdcdec055fbec28a94871342a47a1c86efb098f1c331a5158d3919f913f38
https://conda.anaconda.org/conda-forge/win-64/libgoogle-cloud-2.36.0-hf249c01_1.conda#04baf461a2ebb8e8ac0978a006774124d1a8928e921c3ae4d9c27f072db7b2e2
https://conda.anaconda.org/conda-forge/win-64/pillow-12.3.0-py311h36f029a_4.conda#a70cb75c617c790642ced3207b8700f4fdc92d3524a13cffb8fbe65edbbac7e2
https://conda.anaconda.org/conda-forge/noarch/pip-26.2.1-pyh8b19718_0.conda#c205bae42eb11b364fe3663a817cbcbc20a8ef544c6b2ff6f391013487117259
https://conda.anaconda.org/conda-forge/noarch/pytest-8.2.2-pyhd8ed1ab_0.conda#00b7a49b31cf705b59edbd96219d8a67d2b9f51a913aa059fadd921b016965cb
https://conda.anaconda.org/conda-forge/win-64/tbb-2023.1.0-hdcfe883_0.conda#7a65accbe954d0304b9056005f59fbee8b3928ceced38b1e3e8272aa1af0b750
https://conda.anaconda.org/conda-forge/win-64/aws-c-s3-0.7.16-hf4a4381_1.conda#0f2c5829f7a14a7b945c868fa33bcaaa7d2526a157627e8fe321fce7f50fb631
https://conda.anaconda.org/conda-forge/win-64/libgoogle-cloud-storage-2.36.0-he5eb982_1.conda#0dbdfc80b79bd491f4240c6f6dc6c275d341ea24765ce40f07063a253ad21063
https://conda.anaconda.org/conda-forge/win-64/mkl-2026.1.0-hac47afa_235.conda#bb8abe071f73765446df62924031e6599577e8ac9003264dc4569e78c0fea16d
https://conda.anaconda.org/conda-forge/win-64/aws-crt-cpp-0.32.4-hf35b9f3_2.conda#f3805529e2e32fcfe123b2a17484376cf86665e9a10b4508d0b5f928da4cc099
https://conda.anaconda.org/conda-forge/win-64/libblas-3.11.0-11_h8455456_mkl.conda#51a38b02bacb5a4b546d41aeb0f7921ee85c0ec1009fdcb58635bcad06f2eb1a
https://conda.anaconda.org/conda-forge/win-64/aws-sdk-cpp-1.11.510-h1c8c2b7_6.conda#b9057e44e7b4deb686da679509b24073b472db1d7e5a994bf1a3c3fe1949d7cf
https://conda.anaconda.org/conda-forge/win-64/libcblas-3.11.0-11_h2a3cdd5_mkl.conda#9a2d431ead1463a7a96a38bedc901705c325c5bbafd7a2bcc5a198fbfcdea29e
https://conda.anaconda.org/conda-forge/win-64/liblapack-3.11.0-11_hf9ab0e9_mkl.conda#460a2b9896bbee9a3cdfef26d1fdce056028291eef104564082de9e9f566bba6
https://conda.anaconda.org/conda-forge/win-64/libarrow-16.1.0-h50b9c5c_65_cpu.conda#ad63902930e3d8d93a2a2cb047afb9c6cdba5cc0f5888bf544773f069e70880a
https://conda.anaconda.org/conda-forge/win-64/numpy-1.26.4-py311h0b4df5a_0.conda#14116e72107de3089cc58119a5ce5905c22abf9a715c9fe41f8ac14db0992326
https://conda.anaconda.org/conda-forge/win-64/contourpy-1.3.3-py311h275cad7_4.conda#a903bff178a45cfb89e77a59b33ce54c6cdc7b0e05d2f5355f32e2b8e97ecce1
https://conda.anaconda.org/conda-forge/win-64/libarrow-acero-16.1.0-h7d8d6a5_65_cpu.conda#979fb317a78578984fc1e785347f3af8ad3678674f2abd433cd6af01bcf859b4
https://conda.anaconda.org/conda-forge/win-64/libparquet-16.1.0-ha850022_65_cpu.conda#101b529c404da914099012563744ab0d63a6fb7f5997b093a7bcc2b0d1c6eeb4
https://conda.anaconda.org/conda-forge/win-64/pandas-2.1.4-py311hf63dbb6_0.conda#be6d27e9c7e83c4dbc40003f2d62b79a5af0a3febb3a69a496d867763d983958
https://conda.anaconda.org/conda-forge/win-64/pyarrow-core-16.1.0-py311hdea38fa_6_cpu.conda#f0f99e2f732575541270de413227d01f7c7470d792d4f72913562d1e587c69cc
https://conda.anaconda.org/conda-forge/win-64/scipy-1.17.1-py311h9c22a71_1.conda#668cfbfb7960df5fff0e2db2677eb00d9e02ee1ce63cc9b1c985d782dacab2fe
https://conda.anaconda.org/conda-forge/win-64/libarrow-dataset-16.1.0-h7d8d6a5_65_cpu.conda#92d277cec44b1262acda46e1f771736e3d6c16cb4cac22a77b5b1a5c1a43bad4
https://conda.anaconda.org/conda-forge/win-64/scikit-learn-1.4.2-py311hdcb8d17_1.conda#e38cac2faa50b04ae06da6a7c9690ad8f893f2b3318b052ac15710221f32e231
https://conda.anaconda.org/conda-forge/win-64/libarrow-substrait-16.1.0-hb76e781_65_cpu.conda#aadd572b8bc8e1470d6f157bc95cfa7f104639b7980e3dd329b78991753009c7
https://conda.anaconda.org/conda-forge/win-64/pyarrow-16.1.0-py311h06a5be4_6.conda#77d30c1d2bcd9f3f42e51988ac9357d3518d8e4052b6318888b4936666a7d197
