# This file may be used to create an environment using:
# $ conda create --name <env> --file <this file>
# platform: linux-64
# created-by: conda 26.7.1
@EXPLICIT
https://conda.anaconda.org/conda-forge/noarch/ca-certificates-2026.7.22-hbd8a1cb_0.conda#0a0544cf95f64394fe4959286f5c71f5444ad58feb0602e53becb27448d24da6
https://conda.anaconda.org/conda-forge/linux-64/libgomp-16.2.0-he0feb66_7.conda#92a0bb350c7be6a4eedcb4e111c60aefd176018e6b1c009a6e025dbe9bbcd758
https://conda.anaconda.org/conda-forge/linux-64/libzlib-1.3.2-h25fd6f3_3.conda#eb8a0db0aa570124f7d2a93d7c7f596e3390df5e047818d873baad32985fc736
https://conda.anaconda.org/conda-forge/noarch/python_abi-3.11-9_cp311.conda#bcfbad269758f4617035314fe379ee655bc2d9db5282e7a00d61450b7cefa3cf
https://conda.anaconda.org/conda-forge/noarch/tzdata-2026c-h151e31d_0.conda#b928c30ddcb0e3f544c6eade8352737e6e610e263276b90232db6a578ef899d8
https://conda.anaconda.org/conda-forge/linux-64/_openmp_mutex-4.5-20_gnu.conda#1dd3fffd892081df9726d7eb7e0dea6198962ba775bd88842135a4ddb4deb3c9
https://conda.anaconda.org/conda-forge/linux-64/zstd-1.5.7-hb78ec9c_7.conda#47d682b9f6d6ec9eb1a6e6c3e75ea6273e899e78fb7fc59f81d39745009fbc60
https://conda.anaconda.org/conda-forge/linux-64/ld_impl_linux-64-2.46.1-default_hbd61a6d_102.conda#27d83f1188cd19bcb7754a078b3fa7f4cfb8527f8eb2fde54dd01fc529d1adec
https://conda.anaconda.org/conda-forge/linux-64/libgcc-16.2.0-ha9f2e26_7.conda#e031634c3a928f9594eba868bc46ef5230d6571a364a0c63215b06c4563bfcea
https://conda.anaconda.org/conda-forge/linux-64/aws-c-common-0.12.2-hb9d3cd8_0.conda#155621a78e38a092f455a75b04d09bfce04b768e8af10895429e48e57a08b6c2
https://conda.anaconda.org/conda-forge/linux-64/bzip2-1.0.8-hda65f42_10.conda#1a0d382c515ebf55f8ee1f38c8b81bc95af5c2acc42ad53b66bc5df932032f96
https://conda.anaconda.org/conda-forge/linux-64/c-ares-1.34.8-hebe6cf0_2.conda#9c37cc233238adf366ea75b0e845662a5be07ceadf62e458183516369340274b
https://conda.anaconda.org/conda-forge/linux-64/keyutils-1.6.3-h7cc23a3_1.conda#dd053c96dcb0dcfd59422aefea9d2fe937a190167f34fba7893ec1e10a7e8963
https://conda.anaconda.org/conda-forge/linux-64/libbrotlicommon-1.1.0-hb03c661_4.conda#2338a92d1de71f10c8cf70f7bb9775b0144a306d75c4812276749f54925612b6
https://conda.anaconda.org/conda-forge/linux-64/libev-4.33-h280c20c_3.conda#e4418f68d01a6307c4431b585c71b584f40189877364e542ee87deb777f5e85b
https://conda.anaconda.org/conda-forge/linux-64/libexpat-2.8.5-hd2095e1_0.conda#6de73033a7c5f712c9c5a54124e4581e025691029835e5bceaf10a333a7e7bc0
https://conda.anaconda.org/conda-forge/linux-64/libffi-3.7.0-h81df57d_1.conda#c8c7583ef063bc3c430f1d48298e5ad24f796a35c22ed5b14183325825a61106
https://conda.anaconda.org/conda-forge/linux-64/libgcc-ng-16.2.0-h69a702a_7.conda#03b54d7008de080a17cc2174b0e4acd6d06e1c981b2eb19846f46d8f59966034
https://conda.anaconda.org/conda-forge/linux-64/libgfortran5-16.2.0-h6b99dfc_7.conda#04dbab12c925b92977bb835dd2f5eda413607afa79f95a554e5a04b07a380322
https://conda.anaconda.org/conda-forge/linux-64/libiconv-1.18-h0cb94f2_3.conda#f943117edb9cd4d9c61cc972eee5a34291dc55ea7a6e9e38da104995841cbcb6
https://conda.anaconda.org/conda-forge/linux-64/liblzma-5.8.3-hb03c661_1.conda#9787df8c22a59c9a70d3e5a10db9ad663485e75e9ccc3f09bd092cb7b95e0dab
https://conda.anaconda.org/conda-forge/linux-64/libnsl-2.0.1-hb9d3cd8_1.conda#927fe72b054277cde6cb82597d0fcf6baf127dcbce2e0a9d8925a68f1265eef5
https://conda.anaconda.org/conda-forge/linux-64/libsqlite-3.53.4-h0737f62_1.conda#35c05bd0adfaf6fcac01fc3a42214e4e2a44e32f7ce2c77ddae419522c3c328d
https://conda.anaconda.org/conda-forge/linux-64/libstdcxx-16.2.0-h934c35e_7.conda#fa7018298629fc429971fffd6ecba3d27a7b02e4e890d6a93ea01ffebe8cb745
https://conda.anaconda.org/conda-forge/linux-64/libutf8proc-2.10.0-h202a827_0.conda#c4ca78341abb308134e605476d170d6f00deba1ec71b0b760326f36778972c0e
https://conda.anaconda.org/conda-forge/linux-64/libuuid-2.42.4-hcfc3c73_0.conda#f34b8d1de9a2bf62476d8608057d9b8a918d97444236dc53a47128f2fae79041
https://conda.anaconda.org/conda-forge/linux-64/libxcrypt-4.4.38-h280c20c_0.conda#f7e9292dd219a6435bbb1223da9586c3e70d66d169c5a92f08db3f2127df04e9
https://conda.anaconda.org/conda-forge/linux-64/ncurses-6.6-hdb14827_1.conda#5d46557214ed184381dafe835b7c94a474a1c3b307a08a250b1ea4779b44ffb3
https://conda.anaconda.org/conda-forge/linux-64/openssl-3.6.4-h781a0a9_0.conda#4747b2d6a8336f52343bceb8a1ebf41a9e6e665b9d2e3f989972de53a310599e
https://conda.anaconda.org/conda-forge/linux-64/tk-8.6.13-noxft_h1df4ec4_4.conda#a1a241d172c1ccab067ba245206dd048bc3c2d1b84504b53c9468e99adfc16a1
https://conda.anaconda.org/conda-forge/linux-64/yaml-0.2.5-hebe6cf0_3.conda#d164dfa75ecd538f6fd68765defcc06aa875bc697b9b215362d79a2a73125dd0
https://conda.anaconda.org/conda-forge/linux-64/aws-c-cal-0.9.0-hada3f3f_0.conda#e635934e54c2145afa06bd69f5d92d14cb2e27a59625f7236493dd9b11717e9b
https://conda.anaconda.org/conda-forge/linux-64/aws-c-compression-0.3.1-hc2d532b_4.conda#cf6caf5207c95a36c8089c54307e192befa92b773a65e0369b72fabfdc408fee
https://conda.anaconda.org/conda-forge/linux-64/aws-c-sdkutils-0.2.3-hc2d532b_4.conda#09d276413249df36ecc533d9aff97945cc3a2d4ae818bf50d3968fde7e68bc61
https://conda.anaconda.org/conda-forge/linux-64/aws-checksums-0.2.7-hc2d532b_0.conda#69141040515c0e52401d5e2e49afcd29b39dc0f6fecac41afda21f99086ac38f
https://conda.anaconda.org/conda-forge/linux-64/gflags-2.2.2-h5888daf_1005.conda#6c33bf0c4d8f418546ba9c250db4e4221040936aef8956353bc764d4877bc39a
https://conda.anaconda.org/conda-forge/linux-64/libabseil-20250127.1-cxx17_hbbce691_0.conda#65d5ca837c3ee67b9d769125c21dc857194d7f6181bb0e7bd98ae58597b457d0
https://conda.anaconda.org/conda-forge/linux-64/libbrotlidec-1.1.0-hb03c661_4.conda#fcec0d26f67741b122f0d5eff32f0393d7ebd3ee6bb866ae2f17f3425a850936
https://conda.anaconda.org/conda-forge/linux-64/libbrotlienc-1.1.0-hb03c661_4.conda#d42c7f0afce21d5279a0d54ee9e64a2279d35a07a90e0c9545caae57d6d7dc57
https://conda.anaconda.org/conda-forge/linux-64/libedit-3.1.20250104-pl5321h373387f_1.conda#6473eb8caf2aae830f37caa93db9b26dddf7ac84b63229e8bf7fc0e5c3ab95b0
https://conda.anaconda.org/conda-forge/linux-64/libevent-2.1.12-h5348a74_2.conda#f874779772878f3b509c607de9089c282f71232fde4cac876fc660d29670f28d
https://conda.anaconda.org/conda-forge/linux-64/libgfortran-16.2.0-h69a702a_7.conda#9682ae4dd11487e10b904b3cb3ab6379cad25233d45fdfdf90d54349df244494
https://conda.anaconda.org/conda-forge/linux-64/libnghttp2-1.68.1-h74cf4be_1.conda#11a2f54a6f391e25738bce0023e6ef499600147bbcf21c1fa69d2e251b03cc6a
https://conda.anaconda.org/conda-forge/linux-64/libpython-3.11.16-h0c77377_2_cpython.conda#9c945fbdc2292a8a39e412cb99672722c60ddf38b9002a52d5bd5954a0b25844
https://conda.anaconda.org/conda-forge/linux-64/libssh2-1.11.1-h6154650_1.conda#7e463000fa1cba3f3a6597b776f6ab301d425a96e3bc20d0d9d76a3b9f237aa3
https://conda.anaconda.org/conda-forge/linux-64/libstdcxx-ng-16.2.0-hdf11a46_7.conda#337f481db36cc357884f05f404ccd1b3a7e0fc1ee48ec5c884e4281d213bc863
https://conda.anaconda.org/conda-forge/linux-64/lz4-c-1.10.0-hee9eb32_2.conda#b8c0e930183e6b7f83cd35ace102f2b8c2f0faae41dc05255dc72f247dfc556a
https://conda.anaconda.org/conda-forge/linux-64/readline-8.3-hd6e31c0_1.conda#01b3fe073a66e321970d09e04b388708f8cbdca5cdfbfcb7c9eeb470ad10383d
https://conda.anaconda.org/conda-forge/linux-64/s2n-1.5.17-hba75a32_0.conda#6d6109b59f360ffa6a87cc21528b6baff754dcbf517025330c17e80bcdc025d6
https://conda.anaconda.org/conda-forge/linux-64/snappy-1.2.2-h34e00bb_2.conda#8635d10c7f127808b09c0c8e77b21a255829e0934e49326548c949f7e0551f09
https://conda.anaconda.org/conda-forge/linux-64/aws-c-io-0.18.1-h1a9f769_2.conda#80366d0d9d079dd6f034c353efbe4eedc1e7fb570fb36039243c0599e926db9d
https://conda.anaconda.org/conda-forge/linux-64/glog-0.7.1-hbabe93e_0.conda#dc824dc1d0aa358e28da2ecbbb9f03d932d976c8dca11214aa1dcdfcbd054ba2
https://conda.anaconda.org/conda-forge/linux-64/icu-75.1-he02047a_0.conda#71e750d509f5fa3421087ba88ef9a7b9be11c53174af3aa4d06aff4c18b38e8e
https://conda.anaconda.org/conda-forge/linux-64/krb5-1.22.2-hbc21106_2.conda#2a5c38c85e63df84c4e69ee71439841ce570d259ae3060627bb9a49a938d66f4
https://conda.anaconda.org/conda-forge/linux-64/libcrc32c-1.1.2-h9c3ff4c_0.tar.bz2#fd1d153962764433fe6233f34a72cdeed5dcf8a883a85769e8295ce940b5b0c5
https://conda.anaconda.org/conda-forge/linux-64/libopenblas-0.3.34-pthreads_hf13c14d_2.conda#69a722751e14eab2eb3bfdcb9acb1187afbd962b0c49b48d829341e0f6787f60
https://conda.anaconda.org/conda-forge/linux-64/libprotobuf-5.29.3-h7460b1f_3.conda#14450a1cd316fe639dd0a5e040f6f31c374537141b7b931bf8afbfd5a04d9843
https://conda.anaconda.org/conda-forge/linux-64/libre2-11-2025.06.26-hba17884_0.conda#89535af669f63e0dc4ae75a5fc9abb69b724b35e0f2ca0304c3d9744a55c8310
https://conda.anaconda.org/conda-forge/linux-64/libthrift-0.21.0-h0e7cc3e_0.conda#ebb395232973c18745b86c9a399a4725b2c39293c9a91b8e59251be013db42f0
https://conda.anaconda.org/conda-forge/linux-64/python-3.11.16-h5f976f7_2_cpython.conda#35375a255970809e8b0a1c744d56533f4da5339769ef5f5a24fe165ca321fcf3
https://conda.anaconda.org/conda-forge/linux-64/aws-c-event-stream-0.5.4-hc5e5e9e_7.conda#7a5eafd18eb258184cf6fe2cc299cf7e384dd56e9a8392e4da76623af1ac6234
https://conda.anaconda.org/conda-forge/linux-64/aws-c-http-0.10.0-h6884c39_0.conda#82987e2894ca2fa56e3c28944a0ca4ef445b980652a73ae2734c49e18f2f3897
https://conda.anaconda.org/conda-forge/noarch/cloudpickle-3.1.2-pyhcf101f3_1.conda#4c287c2721d8a34c94928be8fe0e9a85754e90189dd4384a31b1806856b50a67
https://conda.anaconda.org/conda-forge/noarch/colorama-0.4.6-pyhd8ed1ab_1.conda#ab29d57dc70786c1269633ba3dff20288b81664d3ff8d21af995742e2bb03287
https://conda.anaconda.org/conda-forge/noarch/iniconfig-2.3.0-pyhd8ed1ab_0.conda#e1a9e3b1c8fe62dc3932a616c284b5d8cbe3124bbfbedcf4ce5c828cb166ee19
https://conda.anaconda.org/conda-forge/linux-64/libblas-3.11.0-11_h4a7cf45_openblas.conda#d942e0c820d60a613a6f786d074f0820fb6343e3f1ccfb110b1d98b44fb75968
https://conda.anaconda.org/conda-forge/linux-64/libcurl-8.21.0-hcf29cc6_1.conda#7d243f45a48f62cb8e3b871dd336137fe0fb90094a191756fb553508837f6338
https://conda.anaconda.org/conda-forge/linux-64/libxml2-2.13.9-h04c0eec_0.conda#5d12e993894cb8e9f209e2e6bef9c90fa2b7a339a1f2ab133014b71db81f5d88
https://conda.anaconda.org/conda-forge/linux-64/orc-2.1.1-h17f744e_1.conda#f78b0e440baa1bf8352f3a33b678f0f2a14465fd1d7bf771aa2f8b1846006f2e
https://conda.anaconda.org/conda-forge/noarch/packaging-26.3-pyhc364b38_0.conda#c432626b16768b8dab228bfb706f7060c2d462a21c516d240f68f2f902b5a044
https://conda.anaconda.org/conda-forge/noarch/pluggy-1.6.0-pyhf9edf01_1.conda#e14aafa63efa0528ca99ba568eaf506eb55a0371d12e6250aaaa61718d2eb62e
https://conda.anaconda.org/conda-forge/noarch/python-tzdata-2026.4-pyh5ded981_0.conda#4a66a09c6c18e6488000b1a848ed557669d12f673feac682d58208e7e8b66434
https://conda.anaconda.org/conda-forge/noarch/pytz-2026.4-pyh5ded981_0.conda#0c711bf143729c33bcbca10333dac27cdcb67644dd54ec2a749d56f6e54cd484
https://conda.anaconda.org/conda-forge/linux-64/pyyaml-6.0.1-py311h459d7ec_1.conda#28729ef1ffa7f6f9dfd54345a47c7faac5d34296d66a2b9891fb147f4efe1348
https://conda.anaconda.org/conda-forge/linux-64/re2-2025.06.26-h9925aae_0.conda#7a0b82cb162229e905f500f18e32118ef581e1fd182036f3298510b8e8663134
https://conda.anaconda.org/conda-forge/linux-64/ruff-0.4.8-py311hae69bc3_0.conda#a1b59b39866f72d542e2ea11fca30e63d3a9957cde2f48661c1246724537b51c
https://conda.anaconda.org/conda-forge/noarch/setuptools-84.0.0-pyh332efcf_0.conda#9e200ee5f9ff19a4d94e4b51c4856d53dec849f91032f345cf0c6bc3d51a7183
https://conda.anaconda.org/conda-forge/noarch/six-1.17.0-pyhe01879c_1.conda#458227f759d5e3fcec5d9b7acce54e10c9e1f4f4b7ec978f3bfd54ce4ee9853d
https://conda.anaconda.org/conda-forge/noarch/threadpoolctl-3.7.0-pyhc455866_0.conda#a32d17fe979e59fe1295875b5d4f0431a76dfbbfcee5b01e657a8aa3c4a1b5d1
https://conda.anaconda.org/conda-forge/noarch/tomli-2.4.1-pyhcf101f3_0.conda#91cafdb64268e43e0e10d30bd1bef5af392e69f00edd34dfaf909f69ab2da6bd
https://conda.anaconda.org/conda-forge/noarch/typing_extensions-4.16.0-pyhcf101f3_0.conda#2d888f90af0686044882c74193ec80a90ec1943145d94a7b1b048958acda1848
https://conda.anaconda.org/conda-forge/linux-64/aws-c-auth-0.9.0-h9a6e2ae_4.conda#7444691a43a19510f5b667599034c8fceaca389d52388c6d9d52a4d239594fcd
https://conda.anaconda.org/conda-forge/linux-64/aws-c-mqtt-0.12.3-hef6a231_4.conda#5d2acf0f4a20e944cdbbf48b968e81fefb843c78100d0d719863d2d79a249188
https://conda.anaconda.org/conda-forge/linux-64/azure-core-cpp-1.14.0-h5cfcd09_0.conda#fe07debdb089a3db17f40a7f20d283d75284bb4fc269ef727b8ba6fc93f7cb5a
https://conda.anaconda.org/conda-forge/noarch/exceptiongroup-1.3.1-pyhd8ed1ab_0.conda#ee6cf346d017d954255bbcbdb424cddea4d14e4ed7e9813e429db1d795d01144
https://conda.anaconda.org/conda-forge/noarch/joblib-1.6.0-pyhcf101f3_0.conda#96b76ace583404ce4fbc234baa6cdb3de485887913104d4ac51994f9b6656696
https://conda.anaconda.org/conda-forge/linux-64/libcblas-3.11.0-11_h0358290_openblas.conda#f7d1bbdea61cf94ba219d17b2cb571a29830f8025385af799bff5a7ad1ef45e6
https://conda.anaconda.org/conda-forge/linux-64/libgrpc-1.71.0-h8e591d7_1.conda#37267300b25f292a6024d7fd9331085fe4943897940263c3a41d6493283b2a18
https://conda.anaconda.org/conda-forge/linux-64/liblapack-3.11.0-11_h47877c9_openblas.conda#1ad3f43c9319ef398a8ef45989f4903a06e3965b51e77fc669a4c894168a8411
https://conda.anaconda.org/conda-forge/noarch/python-dateutil-2.9.0.post0-pyhe01879c_2.conda#d6a17ece93bbd5139e02d2bd7dbfa80bee1a4261dced63f65f679121686bf664
https://conda.anaconda.org/conda-forge/noarch/wheel-0.48.0-pyhd8ed1ab_0.conda#ba64b29b6d418024cb565081a1799262cb2780d2534ff4c14f76aa858c4286cd
https://conda.anaconda.org/conda-forge/linux-64/aws-c-s3-0.7.16-h7dfd680_1.conda#0cd6ba8718f9f9233f4bb1ac219251e3d1b2fc5324cc023f7e68965ef8b3e554
https://conda.anaconda.org/conda-forge/linux-64/azure-identity-cpp-1.10.0-h113e628_0.conda#286b31616c191486626cb49e9ceb5920d29394b9e913c23adb7eb637629ba4de
https://conda.anaconda.org/conda-forge/linux-64/azure-storage-common-cpp-12.8.0-h736e048_1.conda#273475f002b091b66ce7366da04bf164c3732c03f8692ab2ee2d23335b6a82ba
https://conda.anaconda.org/conda-forge/linux-64/libgoogle-cloud-2.36.0-hc4361e1_1.conda#3a56c653231d6233de5853dc01f07afad6a332799a39c3772c0948d2e68547e4
https://conda.anaconda.org/conda-forge/linux-64/numpy-1.26.4-py311h64a7726_0.conda#3f4365e11b28e244c95ba8579942b0802761ba7bb31c026f50d1a9ea9c728149
https://conda.anaconda.org/conda-forge/noarch/pip-26.2.1-pyh8b19718_0.conda#c205bae42eb11b364fe3663a817cbcbc20a8ef544c6b2ff6f391013487117259
https://conda.anaconda.org/conda-forge/noarch/pytest-8.2.2-pyhd8ed1ab_0.conda#00b7a49b31cf705b59edbd96219d8a67d2b9f51a913aa059fadd921b016965cb
https://conda.anaconda.org/conda-forge/linux-64/aws-crt-cpp-0.32.4-h0cee55f_2.conda#85dda9bf4a64825aba885fd06e112d8a64981a37d86b3122d94ced6cdb77dcf2
https://conda.anaconda.org/conda-forge/linux-64/azure-storage-blobs-cpp-12.13.0-h3cf044e_1.conda#2606260e5379eed255bcdc6adc39b93fb31477337bcd911c121fc43cd29bf394
https://conda.anaconda.org/conda-forge/linux-64/libgoogle-cloud-storage-2.36.0-h0121fbd_1.conda#54235d990009417bb20071f5ce7c8dcf186b19fa7d24d72bc5efd2ffb108001c
https://conda.anaconda.org/conda-forge/linux-64/pandas-2.1.4-py311h320fe9a_0.conda#4f40035c77c381e0151c0fb0b39d0dfc343947f7d283c2bced2123273c5d4884
https://conda.anaconda.org/conda-forge/linux-64/scipy-1.17.1-py311hbe70eeb_1.conda#3ae2ff1d1cc5930de2ca6ac03216118bdf13b2af6098e28e827f1ba25bfcbc4e
https://conda.anaconda.org/conda-forge/linux-64/aws-sdk-cpp-1.11.510-h5b777a2_6.conda#aff3fe4e21b66c7725665085236956d6afcbe9146cd19ce64fa9f0957aad677d
https://conda.anaconda.org/conda-forge/linux-64/azure-storage-files-datalake-cpp-12.12.0-ha633028_1.conda#5371e4f3f920933bb89b926a85a67f24388227419abd6e99f6086481e5e8d5f2
https://conda.anaconda.org/conda-forge/linux-64/scikit-learn-1.4.2-py311he08f58d_1.conda#b818f7df6ae949012a38b41b6577ac2319569971b1a063c0386447ec2c6c09ed
https://conda.anaconda.org/conda-forge/linux-64/libarrow-16.1.0-hf3b5bea_65_cpu.conda#d5630049f810bedb1c63bbd3a3f8ba75dbba7b7c470978e902c4a6d3e569b00a
https://conda.anaconda.org/conda-forge/linux-64/libarrow-acero-16.1.0-hcb10f89_65_cpu.conda#6d443bc9cb0deeab64a7fd294c55f18a1069000a5238c47e5eec232f0cb6ab18
https://conda.anaconda.org/conda-forge/linux-64/libparquet-16.1.0-h081d1f1_65_cpu.conda#4f56b82f9bdd937666e6d7aefb13004c4172e30821d8aa7d5d604ff2e570472f
https://conda.anaconda.org/conda-forge/linux-64/pyarrow-core-16.1.0-py311h4854187_6_cpu.conda#9666a763783111d0aa07d78823cff9e89446ba8c928ca16abe876ebe9b1f9c3b
https://conda.anaconda.org/conda-forge/linux-64/libarrow-dataset-16.1.0-hcb10f89_65_cpu.conda#15b47ee10b160e5c257088c8b54c444bad44c644eb5eff5519d329b1ccd7c10e
https://conda.anaconda.org/conda-forge/linux-64/libarrow-substrait-16.1.0-h1bed206_65_cpu.conda#5838a99481f96cb800965a5b19f9b44768a76aefe120d2d2f2a62dd203c0b939
https://conda.anaconda.org/conda-forge/linux-64/pyarrow-16.1.0-py311hbd00459_6.conda#a7161f1246ba983804cab45e0f17020140b144ad2c30e9d42aec01e80d8d30b5
