absl_py-2.5.0-py3-none-any.whl#0f17b89f2a4eaaedc4f28c622998aa690564b3012a396a4ffad0821007fe03ba
astunparse-1.6.3-py2.py3-none-any.whl#c2652417f2c8b5bb325c885ae329bdf3f86424075c4fd1a128674bc6fba4b8e8
certifi-2026.7.22-py3-none-any.whl#62f22742b58a1a33014a2b6b706588a8d7e2a88ae7bd1a6ebe8c992928483775
charset_normalizer-3.5.1-cp311-cp311-win_amd64.whl#f9b1e28d0e8dbfa858abdba91d6b547beaf2df1a59bec6da6faae7b96a4991a9
flatbuffers-25.12.19-py2.py3-none-any.whl#7634f50c427838bb021c2d66a3d1168e9d199b0607e6329399f04846d42e20b4
gast-0.7.0-py3-none-any.whl#99cbf1365633a74099f69c59bd650476b96baa5ef196fec88032b00b31ba36f7
google_pasta-0.2.0-py3-none-any.whl#b32482794a366b5366a32c92a9a9201b107821889935a02b3e51f6b432ea84ed
grpcio-1.84.0-cp311-cp311-win_amd64.whl#f9a456bdbed52a01c9ab8423bdebab04a5363c78676edc55ab9b58bd13bdf9e1
h5py-3.14.0-cp311-cp311-win_amd64.whl#d2744b520440a996f2dae97f901caa8a953afc055db4673a993f2d87d7f38713
idna-3.20-py3-none-any.whl#ab7ae7122974553370f0bdb919e1a960b2cd1bc1ef0276416d896db81c14582c
keras-3.15.1-py3-none-any.whl#836460e480930acbd19bb7a17e62f9ecad40e8a9af9a651fc8d0586a96d27e20
libclang-18.1.1-py2.py3-none-win_amd64.whl#4dd2d3b82fab35e2bf9ca717d7b63ac990a3519c7e312f19fa8e86dcc712f7fb
markdown_it_py-4.2.0-py3-none-any.whl#9f7ebbcd14fe59494226453aed97c1070d83f8d24b6fc3a3bcf9a38092641c4a
matplotlib-3.9.0-cp311-cp311-win_amd64.whl#a5be985db2596d761cdf0c2eaf52396f26e6a64ab46bd8cd810c48972349d1be
mdurl-0.1.2-py3-none-any.whl#84008a41e51615a49fc9966191ff91509e3c40b939176e643fd50a5c2196b8f8
ml_dtypes-0.5.3-cp311-cp311-win_amd64.whl#58e39349d820b5702bb6f94ea0cb2dc8ec62ee81c0267d9622067d8333596a46
namex-0.1.0-py3-none-any.whl#e2012a474502f1e2251267062aae3114611f07df4224b6e06334c57b0f2ce87c
opt_einsum-3.4.0-py3-none-any.whl#69bb92469f86a1565195ece4ac0323943e83477171b91d24c35afe028a90d7cd
optree-0.20.0-cp311-cp311-win_amd64.whl#4a9fcfd7cc61d4b8f39a483ef920e3573928cc3ca6b33c757be6079a6f5ceb41
packaging-26.3-py3-none-any.whl#d7193f7c8e4e93f444fde0262bf90af30e16fa0ad0ad44cb553c87339b23cd1c
protobuf-7.36.2-cp310-abi3-win_amd64.whl#a300819d441e078a5608c0d3c709796bb548136058fda017ae51d425b44fd353
pygments-2.21.0-py3-none-any.whl#2363c69b61c4a97c838da3b130dcd6468f4848992b21a82f2a63ec34377137d9
requests-2.34.2-py3-none-any.whl#2a0d60c172f83ac6ab31e4554906c0f3b3588d37b5cb939b1c061f4907e278e0
rich-15.0.0-py3-none-any.whl#33bd4ef74232fb73fe9279a257718407f169c09b78a87ad3d296f548e27de0bb
setuptools-84.0.0-py3-none-any.whl#51a52592b3b99e102b609654876bd65f19f999935166d1352678931132b0c670
six-1.17.0-py2.py3-none-any.whl#4721f391ed90541fddacab5acf947aa0d3dc7d27b2e1e8eda2be8970586c3274
tensorflow-2.21.0-cp311-cp311-win_amd64.whl#0064a19bdc054a4b7c5e7e21cdf50ce38a114c2bada578b4f5267a37410f6784
termcolor-3.3.0-py3-none-any.whl#cf642efadaf0a8ebbbf4bc7a31cec2f9b5f21a9f726f4ccbb08192c9c26f43a5
typing_extensions-4.16.0-py3-none-any.whl#481caa481374e813c1b176ada14e97f1f67a4539ce9cfeb3f350d78d6370c2e8
urllib3-2.8.0-py3-none-any.whl#0cf3cae568d36aa9576b28dfb35f11328f1cb974ca7647d9475ebb86c75ac6e3
wheel-0.48.0-py3-none-any.whl#3217dcc807155e45db462d7ef2431f5ddda0d7273b700d05a67b271ceb1287ab
wrapt-2.4.1-cp311-cp311-win_amd64.whl#1f1851be0e593d65e68d7c1bc9d3b971e19fefa219f617e490d75e80e467ee14
