absl_py-2.5.0-py3-none-any.whl#0f17b89f2a4eaaedc4f28c622998aa690564b3012a396a4ffad0821007fe03ba
astunparse-1.6.3-py2.py3-none-any.whl#c2652417f2c8b5bb325c885ae329bdf3f86424075c4fd1a128674bc6fba4b8e8
certifi-2026.7.22-py3-none-any.whl#62f22742b58a1a33014a2b6b706588a8d7e2a88ae7bd1a6ebe8c992928483775
charset_normalizer-3.5.2-cp311-cp311-manylinux2014_x86_64.manylinux_2_17_x86_64.manylinux_2_28_x86_64.whl#211d5a3eb6af8f513b8d4ca19a8c1b7accab1b5f0d3175f9826b03c1a920dc1f
contourpy-1.3.3-cp311-cp311-manylinux_2_27_x86_64.manylinux_2_28_x86_64.whl#51e79c1f7470158e838808d4a996fa9bac72c498e93d8ebe5119bc1e6becb0db
cycler-0.12.1-py3-none-any.whl#85cef7cff222d8644161529808465972e51340599459b8ac3ccbac5a854e0d30
flatbuffers-25.12.19-py2.py3-none-any.whl#7634f50c427838bb021c2d66a3d1168e9d199b0607e6329399f04846d42e20b4
fonttools-4.66.1-cp311-cp311-manylinux2014_x86_64.manylinux_2_17_x86_64.whl#72299346b96b9244dabcc051b24e4653da4edfda6105544cfb10ce856a1afaac
gast-0.7.0-py3-none-any.whl#99cbf1365633a74099f69c59bd650476b96baa5ef196fec88032b00b31ba36f7
google_pasta-0.2.0-py3-none-any.whl#b32482794a366b5366a32c92a9a9201b107821889935a02b3e51f6b432ea84ed
grpcio-1.84.0-cp311-cp311-manylinux2014_x86_64.manylinux_2_17_x86_64.whl#bd8ea8eb3817b226057cc1c0e7ec4b378dcda52043b972b6ff12b1152178967d
h5py-3.14.0-cp311-cp311-manylinux_2_17_x86_64.manylinux2014_x86_64.whl#723a40ee6505bd354bfd26385f2dae7bbfa87655f4e61bab175a49d72ebfc06b
idna-3.20-py3-none-any.whl#ab7ae7122974553370f0bdb919e1a960b2cd1bc1ef0276416d896db81c14582c
keras-3.15.1-py3-none-any.whl#836460e480930acbd19bb7a17e62f9ecad40e8a9af9a651fc8d0586a96d27e20
kiwisolver-1.5.1-cp311-cp311-manylinux2014_x86_64.manylinux_2_17_x86_64.whl#95a02752aa032eef4aed01cda6d9b687c669bd0396bf4519eef8bba22a286720
libclang-18.1.1-py2.py3-none-manylinux2010_x86_64.whl#c533091d8a3bbf7460a00cb6c1a71da93bffe148f172c7d03b1c31fbf8aa2a0b
markdown_it_py-4.2.0-py3-none-any.whl#9f7ebbcd14fe59494226453aed97c1070d83f8d24b6fc3a3bcf9a38092641c4a
matplotlib-3.9.0-cp311-cp311-manylinux_2_17_x86_64.manylinux2014_x86_64.whl#76cce0f31b351e3551d1f3779420cf8f6ec0d4a8cf9c0237a3b549fd28eb4abb
mdurl-0.1.2-py3-none-any.whl#84008a41e51615a49fc9966191ff91509e3c40b939176e643fd50a5c2196b8f8
ml_dtypes-0.5.3-cp311-cp311-manylinux_2_27_x86_64.manylinux_2_28_x86_64.whl#c3f5ae0309d9f888fd825c2e9d0241102fadaca81d888f26f845bc8c13c1e4ee
namex-0.1.0-py3-none-any.whl#e2012a474502f1e2251267062aae3114611f07df4224b6e06334c57b0f2ce87c
opt_einsum-3.4.0-py3-none-any.whl#69bb92469f86a1565195ece4ac0323943e83477171b91d24c35afe028a90d7cd
optree-0.20.0-cp311-cp311-manylinux_2_27_x86_64.manylinux_2_28_x86_64.whl#cd49b5a6066ebb027b37afa19f02d77e33067f33b0d5b7602b537e6892789d00
pillow-12.3.0-cp311-cp311-manylinux_2_27_x86_64.manylinux_2_28_x86_64.whl#23d27a3e0307ec2244cc51e7287b919aa68d097504ebe19df4e76a98a3eea5bd
protobuf-7.36.2-cp310-abi3-manylinux2014_x86_64.whl#89f23aa53c24553a2416fd4fd1ec06f74fa42b14b546d8883128813f775bbfd2
pygments-2.21.0-py3-none-any.whl#2363c69b61c4a97c838da3b130dcd6468f4848992b21a82f2a63ec34377137d9
pyparsing-3.3.3-py3-none-any.whl#ece8c00a69cf01b45d0b1dedabb469c90d8caf996d4fda40f147627a122849a4
requests-2.34.2-py3-none-any.whl#2a0d60c172f83ac6ab31e4554906c0f3b3588d37b5cb939b1c061f4907e278e0
rich-15.0.0-py3-none-any.whl#33bd4ef74232fb73fe9279a257718407f169c09b78a87ad3d296f548e27de0bb
tensorflow-2.21.0-cp311-cp311-manylinux_2_27_x86_64.whl#9056fbc9ba04235810b71ae6cbd958a196e8804fb53bbcffbf3e23b56155f124
termcolor-3.3.0-py3-none-any.whl#cf642efadaf0a8ebbbf4bc7a31cec2f9b5f21a9f726f4ccbb08192c9c26f43a5
urllib3-2.8.0-py3-none-any.whl#0cf3cae568d36aa9576b28dfb35f11328f1cb974ca7647d9475ebb86c75ac6e3
wrapt-2.5.0-cp311-cp311-manylinux1_x86_64.manylinux_2_28_x86_64.manylinux_2_5_x86_64.whl#fd91203e156d610ecb28b9ccd7b764af7a7b38662d7c163090babab0d10def0c
